
Microsoft Visual Studio Solution File, Format Version 12.00
# Visual Studio Version 17
VisualStudioVersion = 17.8.34309.116
MinimumVisualStudioVersion = 10.0.40219.1
Project("{9A19103F-16F7-4668-BE54-9A1E7A4F7556}") = "CSharpOpdrachten", "CSharpOpdrachten\CSharpOpdrachten.csproj", "{6E4975C7-0182-4966-BA3D-B6CC14EE7663}"
EndProject
Project("{FAE04EC0-301F-11D3-BF4B-00C04F79EFBC}") = "ProjectAddOpdracht", "ProjectAddOpdracht\ProjectAddOpdracht.csproj", "{995B96B5-ED95-4FD8-8640-A605AD0BBFC2}"
EndProject
Global
	GlobalSection(SolutionConfigurationPlatforms) = preSolution
		Debug|Any CPU = Debug|Any CPU
		Release|Any CPU = Release|Any CPU
	EndGlobalSection
	GlobalSection(ProjectConfigurationPlatforms) = postSolution
		{6E4975C7-0182-4966-BA3D-B6CC14EE7663}.Debug|Any CPU.ActiveCfg = Debug|Any CPU
		{6E4975C7-0182-4966-BA3D-B6CC14EE7663}.Debug|Any CPU.Build.0 = Debug|Any CPU
		{6E4975C7-0182-4966-BA3D-B6CC14EE7663}.Release|Any CPU.ActiveCfg = Release|Any CPU
		{6E4975C7-0182-4966-BA3D-B6CC14EE7663}.Release|Any CPU.Build.0 = Release|Any CPU
		{995B96B5-ED95-4FD8-8640-A605AD0BBFC2}.Debug|Any CPU.ActiveCfg = Debug|Any CPU
		{995B96B5-ED95-4FD8-8640-A605AD0BBFC2}.Debug|Any CPU.Build.0 = Debug|Any CPU
		{995B96B5-ED95-4FD8-8640-A605AD0BBFC2}.Release|Any CPU.ActiveCfg = Release|Any CPU
		{995B96B5-ED95-4FD8-8640-A605AD0BBFC2}.Release|Any CPU.Build.0 = Release|Any CPU
	EndGlobalSection
	GlobalSection(SolutionProperties) = preSolution
		HideSolutionNode = FALSE
	EndGlobalSection
	GlobalSection(ExtensibilityGlobals) = postSolution
		SolutionGuid = {DDBD5F58-FEA6-487B-BDFA-AF88879080C1}
	EndGlobalSection
EndGlobal
